
Microsoft Visual Studio Solution File, Format Version 12.00
# Visual Studio Version 17
VisualStudioVersion = 17.14.36915.13 d17.14
MinimumVisualStudioVersion = 10.0.40219.1
Project("{2150E333-8FDC-42A3-9474-1A3956D46DE8}") = "CMakePredefinedTargets", "CMakePredefinedTargets", "{1E4C2D27-2AA9-300B-A530-1E8B90C195F3}"
EndProject
Project("{8BC9CEB8-8B4A-11D0-8D11-00A0C91BC942}") = "ALL_BUILD", "ALL_BUILD.vcxproj", "{BD79B0B3-EBA2-33B9-8194-12C2C0FA9FBD}"
	ProjectSection(ProjectDependencies) = postProject
		{0B5F9CAB-C79E-3555-AB46-418F7393DA59} = {0B5F9CAB-C79E-3555-AB46-418F7393DA59}
		{EDB3A8DB-E187-36B1-90F2-7EAD28191286} = {EDB3A8DB-E187-36B1-90F2-7EAD28191286}
		{FC22AF57-77B5-3E5D-86D6-D82F5F322314} = {FC22AF57-77B5-3E5D-86D6-D82F5F322314}
		{04F16CE8-9CDA-38F3-BF39-0B22626786B5} = {04F16CE8-9CDA-38F3-BF39-0B22626786B5}
	EndProjectSection
EndProject
Project("{8BC9CEB8-8B4A-11D0-8D11-00A0C91BC942}") = "Task1", "Task1.vcxproj", "{0B5F9CAB-C79E-3555-AB46-418F7393DA59}"
	ProjectSection(ProjectDependencies) = postProject
		{FC22AF57-77B5-3E5D-86D6-D82F5F322314} = {FC22AF57-77B5-3E5D-86D6-D82F5F322314}
		{04F16CE8-9CDA-38F3-BF39-0B22626786B5} = {04F16CE8-9CDA-38F3-BF39-0B22626786B5}
	EndProjectSection
EndProject
Project("{8BC9CEB8-8B4A-11D0-8D11-00A0C91BC942}") = "Task2", "Task2.vcxproj", "{EDB3A8DB-E187-36B1-90F2-7EAD28191286}"
	ProjectSection(ProjectDependencies) = postProject
		{FC22AF57-77B5-3E5D-86D6-D82F5F322314} = {FC22AF57-77B5-3E5D-86D6-D82F5F322314}
		{04F16CE8-9CDA-38F3-BF39-0B22626786B5} = {04F16CE8-9CDA-38F3-BF39-0B22626786B5}
	EndProjectSection
EndProject
Project("{8BC9CEB8-8B4A-11D0-8D11-00A0C91BC942}") = "ZERO_CHECK", "ZERO_CHECK.vcxproj", "{FC22AF57-77B5-3E5D-86D6-D82F5F322314}"
EndProject
Project("{8BC9CEB8-8B4A-11D0-8D11-00A0C91BC942}") = "lodepng", "3rdParty\lodepng\lodepng.vcxproj", "{04F16CE8-9CDA-38F3-BF39-0B22626786B5}"
	ProjectSection(ProjectDependencies) = postProject
		{FC22AF57-77B5-3E5D-86D6-D82F5F322314} = {FC22AF57-77B5-3E5D-86D6-D82F5F322314}
	EndProjectSection
EndProject
Global
	GlobalSection(SolutionConfigurationPlatforms) = preSolution
		Debug|x64 = Debug|x64
		MinSizeRel|x64 = MinSizeRel|x64
		Release|x64 = Release|x64
		RelWithDebInfo|x64 = RelWithDebInfo|x64
	EndGlobalSection
	GlobalSection(ProjectConfigurationPlatforms) = postSolution
		{BD79B0B3-EBA2-33B9-8194-12C2C0FA9FBD}.Debug|x64.ActiveCfg = Debug|x64
		{BD79B0B3-EBA2-33B9-8194-12C2C0FA9FBD}.MinSizeRel|x64.ActiveCfg = MinSizeRel|x64
		{BD79B0B3-EBA2-33B9-8194-12C2C0FA9FBD}.Release|x64.ActiveCfg = Release|x64
		{BD79B0B3-EBA2-33B9-8194-12C2C0FA9FBD}.RelWithDebInfo|x64.ActiveCfg = RelWithDebInfo|x64
		{0B5F9CAB-C79E-3555-AB46-418F7393DA59}.Debug|x64.ActiveCfg = Debug|x64
		{0B5F9CAB-C79E-3555-AB46-418F7393DA59}.Debug|x64.Build.0 = Debug|x64
		{0B5F9CAB-C79E-3555-AB46-418F7393DA59}.MinSizeRel|x64.ActiveCfg = MinSizeRel|x64
		{0B5F9CAB-C79E-3555-AB46-418F7393DA59}.MinSizeRel|x64.Build.0 = MinSizeRel|x64
		{0B5F9CAB-C79E-3555-AB46-418F7393DA59}.Release|x64.ActiveCfg = Release|x64
		{0B5F9CAB-C79E-3555-AB46-418F7393DA59}.Release|x64.Build.0 = Release|x64
		{0B5F9CAB-C79E-3555-AB46-418F7393DA59}.RelWithDebInfo|x64.ActiveCfg = RelWithDebInfo|x64
		{0B5F9CAB-C79E-3555-AB46-418F7393DA59}.RelWithDebInfo|x64.Build.0 = RelWithDebInfo|x64
		{EDB3A8DB-E187-36B1-90F2-7EAD28191286}.Debug|x64.ActiveCfg = Debug|x64
		{EDB3A8DB-E187-36B1-90F2-7EAD28191286}.Debug|x64.Build.0 = Debug|x64
		{EDB3A8DB-E187-36B1-90F2-7EAD28191286}.MinSizeRel|x64.ActiveCfg = MinSizeRel|x64
		{EDB3A8DB-E187-36B1-90F2-7EAD28191286}.MinSizeRel|x64.Build.0 = MinSizeRel|x64
		{EDB3A8DB-E187-36B1-90F2-7EAD28191286}.Release|x64.ActiveCfg = Release|x64
		{EDB3A8DB-E187-36B1-90F2-7EAD28191286}.Release|x64.Build.0 = Release|x64
		{EDB3A8DB-E187-36B1-90F2-7EAD28191286}.RelWithDebInfo|x64.ActiveCfg = RelWithDebInfo|x64
		{EDB3A8DB-E187-36B1-90F2-7EAD28191286}.RelWithDebInfo|x64.Build.0 = RelWithDebInfo|x64
		{FC22AF57-77B5-3E5D-86D6-D82F5F322314}.Debug|x64.ActiveCfg = Debug|x64
		{FC22AF57-77B5-3E5D-86D6-D82F5F322314}.Debug|x64.Build.0 = Debug|x64
		{FC22AF57-77B5-3E5D-86D6-D82F5F322314}.MinSizeRel|x64.ActiveCfg = MinSizeRel|x64
		{FC22AF57-77B5-3E5D-86D6-D82F5F322314}.MinSizeRel|x64.Build.0 = MinSizeRel|x64
		{FC22AF57-77B5-3E5D-86D6-D82F5F322314}.Release|x64.ActiveCfg = Release|x64
		{FC22AF57-77B5-3E5D-86D6-D82F5F322314}.Release|x64.Build.0 = Release|x64
		{FC22AF57-77B5-3E5D-86D6-D82F5F322314}.RelWithDebInfo|x64.ActiveCfg = RelWithDebInfo|x64
		{FC22AF57-77B5-3E5D-86D6-D82F5F322314}.RelWithDebInfo|x64.Build.0 = RelWithDebInfo|x64
		{04F16CE8-9CDA-38F3-BF39-0B22626786B5}.Debug|x64.ActiveCfg = Debug|x64
		{04F16CE8-9CDA-38F3-BF39-0B22626786B5}.Debug|x64.Build.0 = Debug|x64
		{04F16CE8-9CDA-38F3-BF39-0B22626786B5}.MinSizeRel|x64.ActiveCfg = MinSizeRel|x64
		{04F16CE8-9CDA-38F3-BF39-0B22626786B5}.MinSizeRel|x64.Build.0 = MinSizeRel|x64
		{04F16CE8-9CDA-38F3-BF39-0B22626786B5}.Release|x64.ActiveCfg = Release|x64
		{04F16CE8-9CDA-38F3-BF39-0B22626786B5}.Release|x64.Build.0 = Release|x64
		{04F16CE8-9CDA-38F3-BF39-0B22626786B5}.RelWithDebInfo|x64.ActiveCfg = RelWithDebInfo|x64
		{04F16CE8-9CDA-38F3-BF39-0B22626786B5}.RelWithDebInfo|x64.Build.0 = RelWithDebInfo|x64
	EndGlobalSection
	GlobalSection(SolutionProperties) = preSolution
		HideSolutionNode = FALSE
	EndGlobalSection
	GlobalSection(NestedProjects) = preSolution
		{BD79B0B3-EBA2-33B9-8194-12C2C0FA9FBD} = {1E4C2D27-2AA9-300B-A530-1E8B90C195F3}
		{FC22AF57-77B5-3E5D-86D6-D82F5F322314} = {1E4C2D27-2AA9-300B-A530-1E8B90C195F3}
	EndGlobalSection
	GlobalSection(ExtensibilityGlobals) = postSolution
		SolutionGuid = {E9243AED-721F-3A01-BD1C-2D353D642773}
	EndGlobalSection
EndGlobal
