
Microsoft Visual Studio Solution File, Format Version 12.00
# Visual Studio Version 17
Project("{2150E333-8FDC-42A3-9474-1A3956D46DE8}") = "CMakePredefinedTargets", "CMakePredefinedTargets", "{05C14A4B-52B6-3C04-AB28-AD9AB3D9707C}"
EndProject
Project("{8BC9CEB8-8B4A-11D0-8D11-00A0C91BC942}") = "ALL_BUILD", "ALL_BUILD.vcxproj", "{879A8777-0137-362B-8D82-03E7F7E13FA9}"
	ProjectSection(ProjectDependencies) = postProject
		{F88FF762-9ABA-3FD2-A193-C31EF3D7EA9E} = {F88FF762-9ABA-3FD2-A193-C31EF3D7EA9E}
		{09EF101C-1F24-3099-ADF8-912115696D96} = {09EF101C-1F24-3099-ADF8-912115696D96}
		{817FC80B-A0D4-3FF6-A123-922F715491E2} = {817FC80B-A0D4-3FF6-A123-922F715491E2}
		{E4773EF2-AB52-3DEB-9265-247935C022E7} = {E4773EF2-AB52-3DEB-9265-247935C022E7}
	EndProjectSection
EndProject
Project("{8BC9CEB8-8B4A-11D0-8D11-00A0C91BC942}") = "Task1", "Task1.vcxproj", "{F88FF762-9ABA-3FD2-A193-C31EF3D7EA9E}"
	ProjectSection(ProjectDependencies) = postProject
		{817FC80B-A0D4-3FF6-A123-922F715491E2} = {817FC80B-A0D4-3FF6-A123-922F715491E2}
		{E4773EF2-AB52-3DEB-9265-247935C022E7} = {E4773EF2-AB52-3DEB-9265-247935C022E7}
	EndProjectSection
EndProject
Project("{8BC9CEB8-8B4A-11D0-8D11-00A0C91BC942}") = "Task2", "Task2.vcxproj", "{09EF101C-1F24-3099-ADF8-912115696D96}"
	ProjectSection(ProjectDependencies) = postProject
		{817FC80B-A0D4-3FF6-A123-922F715491E2} = {817FC80B-A0D4-3FF6-A123-922F715491E2}
		{E4773EF2-AB52-3DEB-9265-247935C022E7} = {E4773EF2-AB52-3DEB-9265-247935C022E7}
	EndProjectSection
EndProject
Project("{8BC9CEB8-8B4A-11D0-8D11-00A0C91BC942}") = "ZERO_CHECK", "ZERO_CHECK.vcxproj", "{817FC80B-A0D4-3FF6-A123-922F715491E2}"
	ProjectSection(ProjectDependencies) = postProject
	EndProjectSection
EndProject
Project("{8BC9CEB8-8B4A-11D0-8D11-00A0C91BC942}") = "lodepng", "3rdParty\lodepng\lodepng.vcxproj", "{E4773EF2-AB52-3DEB-9265-247935C022E7}"
	ProjectSection(ProjectDependencies) = postProject
		{817FC80B-A0D4-3FF6-A123-922F715491E2} = {817FC80B-A0D4-3FF6-A123-922F715491E2}
	EndProjectSection
EndProject
Global
	GlobalSection(SolutionConfigurationPlatforms) = preSolution
		Debug|x64 = Debug|x64
		Release|x64 = Release|x64
		MinSizeRel|x64 = MinSizeRel|x64
		RelWithDebInfo|x64 = RelWithDebInfo|x64
	EndGlobalSection
	GlobalSection(ProjectConfigurationPlatforms) = postSolution
		{879A8777-0137-362B-8D82-03E7F7E13FA9}.Debug|x64.ActiveCfg = Debug|x64
		{879A8777-0137-362B-8D82-03E7F7E13FA9}.Release|x64.ActiveCfg = Release|x64
		{879A8777-0137-362B-8D82-03E7F7E13FA9}.MinSizeRel|x64.ActiveCfg = MinSizeRel|x64
		{879A8777-0137-362B-8D82-03E7F7E13FA9}.RelWithDebInfo|x64.ActiveCfg = RelWithDebInfo|x64
		{F88FF762-9ABA-3FD2-A193-C31EF3D7EA9E}.Debug|x64.ActiveCfg = Debug|x64
		{F88FF762-9ABA-3FD2-A193-C31EF3D7EA9E}.Debug|x64.Build.0 = Debug|x64
		{F88FF762-9ABA-3FD2-A193-C31EF3D7EA9E}.Release|x64.ActiveCfg = Release|x64
		{F88FF762-9ABA-3FD2-A193-C31EF3D7EA9E}.Release|x64.Build.0 = Release|x64
		{F88FF762-9ABA-3FD2-A193-C31EF3D7EA9E}.MinSizeRel|x64.ActiveCfg = MinSizeRel|x64
		{F88FF762-9ABA-3FD2-A193-C31EF3D7EA9E}.MinSizeRel|x64.Build.0 = MinSizeRel|x64
		{F88FF762-9ABA-3FD2-A193-C31EF3D7EA9E}.RelWithDebInfo|x64.ActiveCfg = RelWithDebInfo|x64
		{F88FF762-9ABA-3FD2-A193-C31EF3D7EA9E}.RelWithDebInfo|x64.Build.0 = RelWithDebInfo|x64
		{09EF101C-1F24-3099-ADF8-912115696D96}.Debug|x64.ActiveCfg = Debug|x64
		{09EF101C-1F24-3099-ADF8-912115696D96}.Debug|x64.Build.0 = Debug|x64
		{09EF101C-1F24-3099-ADF8-912115696D96}.Release|x64.ActiveCfg = Release|x64
		{09EF101C-1F24-3099-ADF8-912115696D96}.Release|x64.Build.0 = Release|x64
		{09EF101C-1F24-3099-ADF8-912115696D96}.MinSizeRel|x64.ActiveCfg = MinSizeRel|x64
		{09EF101C-1F24-3099-ADF8-912115696D96}.MinSizeRel|x64.Build.0 = MinSizeRel|x64
		{09EF101C-1F24-3099-ADF8-912115696D96}.RelWithDebInfo|x64.ActiveCfg = RelWithDebInfo|x64
		{09EF101C-1F24-3099-ADF8-912115696D96}.RelWithDebInfo|x64.Build.0 = RelWithDebInfo|x64
		{817FC80B-A0D4-3FF6-A123-922F715491E2}.Debug|x64.ActiveCfg = Debug|x64
		{817FC80B-A0D4-3FF6-A123-922F715491E2}.Debug|x64.Build.0 = Debug|x64
		{817FC80B-A0D4-3FF6-A123-922F715491E2}.Release|x64.ActiveCfg = Release|x64
		{817FC80B-A0D4-3FF6-A123-922F715491E2}.Release|x64.Build.0 = Release|x64
		{817FC80B-A0D4-3FF6-A123-922F715491E2}.MinSizeRel|x64.ActiveCfg = MinSizeRel|x64
		{817FC80B-A0D4-3FF6-A123-922F715491E2}.MinSizeRel|x64.Build.0 = MinSizeRel|x64
		{817FC80B-A0D4-3FF6-A123-922F715491E2}.RelWithDebInfo|x64.ActiveCfg = RelWithDebInfo|x64
		{817FC80B-A0D4-3FF6-A123-922F715491E2}.RelWithDebInfo|x64.Build.0 = RelWithDebInfo|x64
		{E4773EF2-AB52-3DEB-9265-247935C022E7}.Debug|x64.ActiveCfg = Debug|x64
		{E4773EF2-AB52-3DEB-9265-247935C022E7}.Debug|x64.Build.0 = Debug|x64
		{E4773EF2-AB52-3DEB-9265-247935C022E7}.Release|x64.ActiveCfg = Release|x64
		{E4773EF2-AB52-3DEB-9265-247935C022E7}.Release|x64.Build.0 = Release|x64
		{E4773EF2-AB52-3DEB-9265-247935C022E7}.MinSizeRel|x64.ActiveCfg = MinSizeRel|x64
		{E4773EF2-AB52-3DEB-9265-247935C022E7}.MinSizeRel|x64.Build.0 = MinSizeRel|x64
		{E4773EF2-AB52-3DEB-9265-247935C022E7}.RelWithDebInfo|x64.ActiveCfg = RelWithDebInfo|x64
		{E4773EF2-AB52-3DEB-9265-247935C022E7}.RelWithDebInfo|x64.Build.0 = RelWithDebInfo|x64
	EndGlobalSection
	GlobalSection(NestedProjects) = preSolution
		{879A8777-0137-362B-8D82-03E7F7E13FA9} = {05C14A4B-52B6-3C04-AB28-AD9AB3D9707C}
		{817FC80B-A0D4-3FF6-A123-922F715491E2} = {05C14A4B-52B6-3C04-AB28-AD9AB3D9707C}
	EndGlobalSection
	GlobalSection(ExtensibilityGlobals) = postSolution
		SolutionGuid = {A9119F87-5DA3-3EFF-AE0F-9292A5DF53C2}
	EndGlobalSection
	GlobalSection(ExtensibilityAddIns) = postSolution
	EndGlobalSection
EndGlobal
